
Microsoft Visual Studio Solution File, Format Version 12.00
# Visual Studio 15
VisualStudioVersion = 15.0.28307.421
MinimumVisualStudioVersion = 10.0.40219.1
Project("{FAE04EC0-301F-11D3-BF4B-00C04F79EFBC}") = "DependencyInjectionDemoConsole", "DependencyInjectionDemoConsole\DependencyInjectionDemoConsole.csproj", "{55B4AB26-EB27-49B7-8DB9-05B54F1BD714}"
EndProject
Project("{9A19103F-16F7-4668-BE54-9A1E7A4F7556}") = "DependencyInjectionSample", "DependencyInjectionSample\DependencyInjectionSample.csproj", "{CD70036E-3201-4F22-9BD2-AF9C841940A2}"
EndProject
Global
	GlobalSection(SolutionConfigurationPlatforms) = preSolution
		Debug|Any CPU = Debug|Any CPU
		Release|Any CPU = Release|Any CPU
	EndGlobalSection
	GlobalSection(ProjectConfigurationPlatforms) = postSolution
		{55B4AB26-EB27-49B7-8DB9-05B54F1BD714}.Debug|Any CPU.ActiveCfg = Debug|Any CPU
		{55B4AB26-EB27-49B7-8DB9-05B54F1BD714}.Debug|Any CPU.Build.0 = Debug|Any CPU
		{55B4AB26-EB27-49B7-8DB9-05B54F1BD714}.Release|Any CPU.ActiveCfg = Release|Any CPU
		{55B4AB26-EB27-49B7-8DB9-05B54F1BD714}.Release|Any CPU.Build.0 = Release|Any CPU
		{CD70036E-3201-4F22-9BD2-AF9C841940A2}.Debug|Any CPU.ActiveCfg = Debug|Any CPU
		{CD70036E-3201-4F22-9BD2-AF9C841940A2}.Debug|Any CPU.Build.0 = Debug|Any CPU
		{CD70036E-3201-4F22-9BD2-AF9C841940A2}.Release|Any CPU.ActiveCfg = Release|Any CPU
		{CD70036E-3201-4F22-9BD2-AF9C841940A2}.Release|Any CPU.Build.0 = Release|Any CPU
	EndGlobalSection
	GlobalSection(SolutionProperties) = preSolution
		HideSolutionNode = FALSE
	EndGlobalSection
	GlobalSection(ExtensibilityGlobals) = postSolution
		SolutionGuid = {A3ED1595-3A1B-465C-988E-0891B1FD5DB3}
	EndGlobalSection
EndGlobal
